// !$*UTF8*$!
{
	archiveVersion = 1;
	classes = {
	};
	objectVersion = 56;
	objects = {

/* Begin PBXBuildFile section */
		D2DC689E2CCBEF0B00B99141 /* AppDelegate.m in Sources */ = {isa = PBXBuildFile; fileRef = D2DC689D2CCBEF0B00B99141 /* AppDelegate.m */; };
		D2DC68A12CCBEF0B00B99141 /* SceneDelegate.m in Sources */ = {isa = PBXBuildFile; fileRef = D2DC68A02CCBEF0B00B99141 /* SceneDelegate.m */; };
		D2DC68A42CCBEF0B00B99141 /* ViewController.m in Sources */ = {isa = PBXBuildFile; fileRef = D2DC68A32CCBEF0B00B99141 /* ViewController.m */; };
		D2DC68A72CCBEF0B00B99141 /* Main.storyboard in Resources */ = {isa = PBXBuildFile; fileRef = D2DC68A52CCBEF0B00B99141 /* Main.storyboard */; };
		D2DC68A92CCBEF1200B99141 /* Assets.xcassets in Resources */ = {isa = PBXBuildFile; fileRef = D2DC68A82CCBEF1200B99141 /* Assets.xcassets */; };
		D2DC68AC2CCBEF1200B99141 /* LaunchScreen.storyboard in Resources */ = {isa = PBXBuildFile; fileRef = D2DC68AA2CCBEF1200B99141 /* LaunchScreen.storyboard */; };
		D2DC68AF2CCBEF1200B99141 /* main.m in Sources */ = {isa = PBXBuildFile; fileRef = D2DC68AE2CCBEF1200B99141 /* main.m */; };
/* End PBXBuildFile section */

/* Begin PBXFileReference section */
		D2DC68992CCBEF0B00B99141 /* app_graficos1.app */ = {isa = PBXFileReference; explicitFileType = wrapper.application; includeInIndex = 0; path = app_graficos1.app; sourceTree = BUILT_PRODUCTS_DIR; };
		D2DC689C2CCBEF0B00B99141 /* AppDelegate.h */ = {isa = PBXFileReference; lastKnownFileType = sourcecode.c.h; path = AppDelegate.h; sourceTree = "<group>"; };
		D2DC689D2CCBEF0B00B99141 /* AppDelegate.m */ = {isa = PBXFileReference; lastKnownFileType = sourcecode.c.objc; path = AppDelegate.m; sourceTree = "<group>"; };
		D2DC689F2CCBEF0B00B99141 /* SceneDelegate.h */ = {isa = PBXFileReference; lastKnownFileType = sourcecode.c.h; path = SceneDelegate.h; sourceTree = "<group>"; };
		D2DC68A02CCBEF0B00B99141 /* SceneDelegate.m */ = {isa = PBXFileReference; lastKnownFileType = sourcecode.c.objc; path = SceneDelegate.m; sourceTree = "<group>"; };
		D2DC68A22CCBEF0B00B99141 /* ViewController.h */ = {isa = PBXFileReference; lastKnownFileType = sourcecode.c.h; path = ViewController.h; sourceTree = "<group>"; };
		D2DC68A32CCBEF0B00B99141 /* ViewController.m */ = {isa = PBXFileReference; lastKnownFileType = sourcecode.c.objc; path = ViewController.m; sourceTree = "<group>"; };
		D2DC68A62CCBEF0B00B99141 /* Base */ = {isa = PBXFileReference; lastKnownFileType = file.storyboard; name = Base; path = Base.lproj/Main.storyboard; sourceTree = "<group>"; };
		D2DC68A82CCBEF1200B99141 /* Assets.xcassets */ = {isa = PBXFileReference; lastKnownFileType = folder.assetcatalog; path = Assets.xcassets; sourceTree = "<group>"; };
		D2DC68AB2CCBEF1200B99141 /* Base */ = {isa = PBXFileReference; lastKnownFileType = file.storyboard; name = Base; path = Base.lproj/LaunchScreen.storyboard; sourceTree = "<group>"; };
		D2DC68AD2CCBEF1200B99141 /* Info.plist */ = {isa = PBXFileReference; lastKnownFileType = text.plist.xml; path = Info.plist; sourceTree = "<group>"; };
		D2DC68AE2CCBEF1200B99141 /* main.m */ = {isa = PBXFileReference; lastKnownFileType = sourcecode.c.objc; path = main.m; sourceTree = "<group>"; };
/* End PBXFileReference section */

/* Begin PBXFrameworksBuildPhase section */
		D2DC68962CCBEF0B00B99141 /* Frameworks */ = {
			isa = PBXFrameworksBuildPhase;
			buildActionMask = 2147483647;
			files = (
			);
			runOnlyForDeploymentPostprocessing = 0;
		};
/* End PBXFrameworksBuildPhase section */

/* Begin PBXGroup section */
		D2DC68902CCBEF0B00B99141 = {
			isa = PBXGroup;
			children = (
				D2DC689B2CCBEF0B00B99141 /* app_graficos1 */,
				D2DC689A2CCBEF0B00B99141 /* Products */,
			);
			sourceTree = "<group>";
		};
		D2DC689A2CCBEF0B00B99141 /* Products */ = {
			isa = PBXGroup;
			children = (
				D2DC68992CCBEF0B00B99141 /* app_graficos1.app */,
			);
			name = Products;
			sourceTree = "<group>";
		};
		D2DC689B2CCBEF0B00B99141 /* app_graficos1 */ = {
			isa = PBXGroup;
			children = (
				D2DC689C2CCBEF0B00B99141 /* AppDelegate.h */,
				D2DC689D2CCBEF0B00B99141 /* AppDelegate.m */,
				D2DC689F2CCBEF0B00B99141 /* SceneDelegate.h */,
				D2DC68A02CCBEF0B00B99141 /* SceneDelegate.m */,
				D2DC68A22CCBEF0B00B99141 /* ViewController.h */,
				D2DC68A32CCBEF0B00B99141 /* ViewController.m */,
				D2DC68A52CCBEF0B00B99141 /* Main.storyboard */,
				D2DC68A82CCBEF1200B99141 /* Assets.xcassets */,
				D2DC68AA2CCBEF1200B99141 /* LaunchScreen.storyboard */,
				D2DC68AD2CCBEF1200B99141 /* Info.plist */,
				D2DC68AE2CCBEF1200B99141 /* main.m */,
			);
			path = app_graficos1;
			sourceTree = "<group>";
		};
/* End PBXGroup section */

/* Begin PBXNativeTarget section */
		D2DC68982CCBEF0B00B99141 /* app_graficos1 */ = {
			isa = PBXNativeTarget;
			buildConfigurationList = D2DC68B22CCBEF1200B99141 /* Build configuration list for PBXNativeTarget "app_graficos1" */;
			buildPhases = (
				D2DC68952CCBEF0B00B99141 /* Sources */,
				D2DC68962CCBEF0B00B99141 /* Frameworks */,
				D2DC68972CCBEF0B00B99141 /* Resources */,
			);
			buildRules = (
			);
			dependencies = (
			);
			name = app_graficos1;
			productName = app_graficos1;
			productReference = D2DC68992CCBEF0B00B99141 /* app_graficos1.app */;
			productType = "com.apple.product-type.application";
		};
/* End PBXNativeTarget section */

/* Begin PBXProject section */
		D2DC68912CCBEF0B00B99141 /* Project object */ = {
			isa = PBXProject;
			attributes = {
				BuildIndependentTargetsInParallel = 1;
				LastUpgradeCheck = 1400;
				TargetAttributes = {
					D2DC68982CCBEF0B00B99141 = {
						CreatedOnToolsVersion = 14.0.1;
					};
				};
			};
			buildConfigurationList = D2DC68942CCBEF0B00B99141 /* Build configuration list for PBXProject "app_graficos1" */;
			compatibilityVersion = "Xcode 14.0";
			developmentRegion = en;
			hasScannedForEncodings = 0;
			knownRegions = (
				en,
				Base,
			);
			mainGroup = D2DC68902CCBEF0B00B99141;
			productRefGroup = D2DC689A2CCBEF0B00B99141 /* Products */;
			projectDirPath = "";
			projectRoot = "";
			targets = (
				D2DC68982CCBEF0B00B99141 /* app_graficos1 */,
			);
		};
/* End PBXProject section */

/* Begin PBXResourcesBuildPhase section */
		D2DC68972CCBEF0B00B99141 /* Resources */ = {
			isa = PBXResourcesBuildPhase;
			buildActionMask = 2147483647;
			files = (
				D2DC68AC2CCBEF1200B99141 /* LaunchScreen.storyboard in Resources */,
				D2DC68A92CCBEF1200B99141 /* Assets.xcassets in Resources */,
				D2DC68A72CCBEF0B00B99141 /* Main.storyboard in Resources */,
			);
			runOnlyForDeploymentPostprocessing = 0;
		};
/* End PBXResourcesBuildPhase section */

/* Begin PBXSourcesBuildPhase section */
		D2DC68952CCBEF0B00B99141 /* Sources */ = {
			isa = PBXSourcesBuildPhase;
			buildActionMask = 2147483647;
			files = (
				D2DC68A42CCBEF0B00B99141 /* ViewController.m in Sources */,
				D2DC689E2CCBEF0B00B99141 /* AppDelegate.m in Sources */,
				D2DC68AF2CCBEF1200B99141 /* main.m in Sources */,
				D2DC68A12CCBEF0B00B99141 /* SceneDelegate.m in Sources */,
			);
			runOnlyForDeploymentPostprocessing = 0;
		};
/* End PBXSourcesBuildPhase section */

/* Begin PBXVariantGroup section */
		D2DC68A52CCBEF0B00B99141 /* Main.storyboard */ = {
			isa = PBXVariantGroup;
			children = (
				D2DC68A62CCBEF0B00B99141 /* Base */,
			);
			name = Main.storyboard;
			sourceTree = "<group>";
		};
		D2DC68AA2CCBEF1200B99141 /* LaunchScreen.storyboard */ = {
			isa = PBXVariantGroup;
			children = (
				D2DC68AB2CCBEF1200B99141 /* Base */,
			);
			name = LaunchScreen.storyboard;
			sourceTree = "<group>";
		};
/* End PBXVariantGroup section */

/* Begin XCBuildConfiguration section */
		D2DC68B02CCBEF1200B99141 /* Debug */ = {
			isa = XCBuildConfiguration;
			buildSettings = {
				ALWAYS_SEARCH_USER_PATHS = NO;
				CLANG_ANALYZER_NONNULL = YES;
				CLANG_ANALYZER_NUMBER_OBJECT_CONVERSION = YES_AGGRESSIVE;
				CLANG_CXX_LANGUAGE_STANDARD = "gnu++20";
				CLANG_ENABLE_MODULES = YES;
				CLANG_ENABLE_OBJC_ARC = YES;
				CLANG_ENABLE_OBJC_WEAK = YES;
				CLANG_WARN_BLOCK_CAPTURE_AUTORELEASING = YES;
				CLANG_WARN_BOOL_CONVERSION = YES;
				CLANG_WARN_COMMA = YES;
				CLANG_WARN_CONSTANT_CONVERSION = YES;
				CLANG_WARN_DEPRECATED_OBJC_IMPLEMENTATIONS = YES;
				CLANG_WARN_DIRECT_OBJC_ISA_USAGE = YES_ERROR;
				CLANG_WARN_DOCUMENTATION_COMMENTS = YES;
				CLANG_WARN_EMPTY_BODY = YES;
				CLANG_WARN_ENUM_CONVERSION = YES;
				CLANG_WARN_INFINITE_RECURSION = YES;
				CLANG_WARN_INT_CONVERSION = YES;
				CLANG_WARN_NON_LITERAL_NULL_CONVERSION = YES;
				CLANG_WARN_OBJC_IMPLICIT_RETAIN_SELF = YES;
				CLANG_WARN_OBJC_LITERAL_CONVERSION = YES;
				CLANG_WARN_OBJC_ROOT_CLASS = YES_ERROR;
				CLANG_WARN_QUOTED_INCLUDE_IN_FRAMEWORK_HEADER = YES;
				CLANG_WARN_RANGE_LOOP_ANALYSIS = YES;
				CLANG_WARN_STRICT_PROTOTYPES = YES;
				CLANG_WARN_SUSPICIOUS_MOVE = YES;
				CLANG_WARN_UNGUARDED_AVAILABILITY = YES_AGGRESSIVE;
				CLANG_WARN_UNREACHABLE_CODE = YES;
				CLANG_WARN__DUPLICATE_METHOD_MATCH = YES;
				COPY_PHASE_STRIP = NO;
				DEBUG_INFORMATION_FORMAT = dwarf;
				ENABLE_STRICT_OBJC_MSGSEND = YES;
				ENABLE_TESTABILITY = YES;
				GCC_C_LANGUAGE_STANDARD = gnu11;
				GCC_DYNAMIC_NO_PIC = NO;
				GCC_NO_COMMON_BLOCKS = YES;
				GCC_OPTIMIZATION_LEVEL = 0;
				GCC_PREPROCESSOR_DEFINITIONS = (
					"DEBUG=1",
					"$(inherited)",
				);
				GCC_WARN_64_TO_32_BIT_CONVERSION = YES;
				GCC_WARN_ABOUT_RETURN_TYPE = YES_ERROR;
				GCC_WARN_UNDECLARED_SELECTOR = YES;
				GCC_WARN_UNINITIALIZED_AUTOS = YES_AGGRESSIVE;
				GCC_WARN_UNUSED_FUNCTION = YES;
				GCC_WARN_UNUSED_VARIABLE = YES;
				IPHONEOS_DEPLOYMENT_TARGET = 16.0;
				MTL_ENABLE_DEBUG_INFO = INCLUDE_SOURCE;
				MTL_FAST_MATH = YES;
				ONLY_ACTIVE_ARCH = YES;
				SDKROOT = iphoneos;
			};
			name = Debug;
		};
		D2DC68B12CCBEF1200B99141 /* Release */ = {
			isa = XCBuildConfiguration;
			buildSettings = {
				ALWAYS_SEARCH_USER_PATHS = NO;
				CLANG_ANALYZER_NONNULL = YES;
				CLANG_ANALYZER_NUMBER_OBJECT_CONVERSION = YES_AGGRESSIVE;
				CLANG_CXX_LANGUAGE_STANDARD = "gnu++20";
				CLANG_ENABLE_MODULES = YES;
				CLANG_ENABLE_OBJC_ARC = YES;
				CLANG_ENABLE_OBJC_WEAK = YES;
				CLANG_WARN_BLOCK_CAPTURE_AUTORELEASING = YES;
				CLANG_WARN_BOOL_CONVERSION = YES;
				CLANG_WARN_COMMA = YES;
				CLANG_WARN_CONSTANT_CONVERSION = YES;
				CLANG_WARN_DEPRECATED_OBJC_IMPLEMENTATIONS = YES;
				CLANG_WARN_DIRECT_OBJC_ISA_USAGE = YES_ERROR;
				CLANG_WARN_DOCUMENTATION_COMMENTS = YES;
				CLANG_WARN_EMPTY_BODY = YES;
				CLANG_WARN_ENUM_CONVERSION = YES;
				CLANG_WARN_INFINITE_RECURSION = YES;
				CLANG_WARN_INT_CONVERSION = YES;
				CLANG_WARN_NON_LITERAL_NULL_CONVERSION = YES;
				CLANG_WARN_OBJC_IMPLICIT_RETAIN_SELF = YES;
				CLANG_WARN_OBJC_LITERAL_CONVERSION = YES;
				CLANG_WARN_OBJC_ROOT_CLASS = YES_ERROR;
				CLANG_WARN_QUOTED_INCLUDE_IN_FRAMEWORK_HEADER = YES;
				CLANG_WARN_RANGE_LOOP_ANALYSIS = YES;
				CLANG_WARN_STRICT_PROTOTYPES = YES;
				CLANG_WARN_SUSPICIOUS_MOVE = YES;
				CLANG_WARN_UNGUARDED_AVAILABILITY = YES_AGGRESSIVE;
				CLANG_WARN_UNREACHABLE_CODE = YES;
				CLANG_WARN__DUPLICATE_METHOD_MATCH = YES;
				COPY_PHASE_STRIP = NO;
				DEBUG_INFORMATION_FORMAT = "dwarf-with-dsym";
				ENABLE_NS_ASSERTIONS = NO;
				ENABLE_STRICT_OBJC_MSGSEND = YES;
				GCC_C_LANGUAGE_STANDARD = gnu11;
				GCC_NO_COMMON_BLOCKS = YES;
				GCC_WARN_64_TO_32_BIT_CONVERSION = YES;
				GCC_WARN_ABOUT_RETURN_TYPE = YES_ERROR;
				GCC_WARN_UNDECLARED_SELECTOR = YES;
				GCC_WARN_UNINITIALIZED_AUTOS = YES_AGGRESSIVE;
				GCC_WARN_UNUSED_FUNCTION = YES;
				GCC_WARN_UNUSED_VARIABLE = YES;
				IPHONEOS_DEPLOYMENT_TARGET = 16.0;
				MTL_ENABLE_DEBUG_INFO = NO;
				MTL_FAST_MATH = YES;
				SDKROOT = iphoneos;
				VALIDATE_PRODUCT = YES;
			};
			name = Release;
		};
		D2DC68B32CCBEF1200B99141 /* Debug */ = {
			isa = XCBuildConfiguration;
			buildSettings = {
				ASSETCATALOG_COMPILER_APPICON_NAME = AppIcon;
				ASSETCATALOG_COMPILER_GLOBAL_ACCENT_COLOR_NAME = AccentColor;
				CODE_SIGN_STYLE = Automatic;
				CURRENT_PROJECT_VERSION = 1;
				DEVELOPMENT_TEAM = JDCD98Z783;
				GENERATE_INFOPLIST_FILE = YES;
				INFOPLIST_FILE = app_graficos1/Info.plist;
				INFOPLIST_KEY_UIApplicationSupportsIndirectInputEvents = YES;
				INFOPLIST_KEY_UILaunchStoryboardName = LaunchScreen;
				INFOPLIST_KEY_UIMainStoryboardFile = Main;
				INFOPLIST_KEY_UISupportedInterfaceOrientations_iPad = "UIInterfaceOrientationPortrait UIInterfaceOrientationPortraitUpsideDown UIInterfaceOrientationLandscapeLeft UIInterfaceOrientationLandscapeRight";
				INFOPLIST_KEY_UISupportedInterfaceOrientations_iPhone = "UIInterfaceOrientationPortrait UIInterfaceOrientationLandscapeLeft UIInterfaceOrientationLandscapeRight";
				LD_RUNPATH_SEARCH_PATHS = (
					"$(inherited)",
					"@executable_path/Frameworks",
				);
				MARKETING_VERSION = 1.0;
				PRODUCT_BUNDLE_IDENTIFIER = "com.luisbarranco.app-graficos1";
				PRODUCT_NAME = "$(TARGET_NAME)";
				SWIFT_EMIT_LOC_STRINGS = YES;
				TARGETED_DEVICE_FAMILY = "1,2";
			};
			name = Debug;
		};
		D2DC68B42CCBEF1200B99141 /* Release */ = {
			isa = XCBuildConfiguration;
			buildSettings = {
				ASSETCATALOG_COMPILER_APPICON_NAME = AppIcon;
				ASSETCATALOG_COMPILER_GLOBAL_ACCENT_COLOR_NAME = AccentColor;
				CODE_SIGN_STYLE = Automatic;
				CURRENT_PROJECT_VERSION = 1;
				DEVELOPMENT_TEAM = JDCD98Z783;
				GENERATE_INFOPLIST_FILE = YES;
				INFOPLIST_FILE = app_graficos1/Info.plist;
				INFOPLIST_KEY_UIApplicationSupportsIndirectInputEvents = YES;
				INFOPLIST_KEY_UILaunchStoryboardName = LaunchScreen;
				INFOPLIST_KEY_UIMainStoryboardFile = Main;
				INFOPLIST_KEY_UISupportedInterfaceOrientations_iPad = "UIInterfaceOrientationPortrait UIInterfaceOrientationPortraitUpsideDown UIInterfaceOrientationLandscapeLeft UIInterfaceOrientationLandscapeRight";
				INFOPLIST_KEY_UISupportedInterfaceOrientations_iPhone = "UIInterfaceOrientationPortrait UIInterfaceOrientationLandscapeLeft UIInterfaceOrientationLandscapeRight";
				LD_RUNPATH_SEARCH_PATHS = (
					"$(inherited)",
					"@executable_path/Frameworks",
				);
				MARKETING_VERSION = 1.0;
				PRODUCT_BUNDLE_IDENTIFIER = "com.luisbarranco.app-graficos1";
				PRODUCT_NAME = "$(TARGET_NAME)";
				SWIFT_EMIT_LOC_STRINGS = YES;
				TARGETED_DEVICE_FAMILY = "1,2";
			};
			name = Release;
		};
/* End XCBuildConfiguration section */

/* Begin XCConfigurationList section */
		D2DC68942CCBEF0B00B99141 /* Build configuration list for PBXProject "app_graficos1" */ = {
			isa = XCConfigurationList;
			buildConfigurations = (
				D2DC68B02CCBEF1200B99141 /* Debug */,
				D2DC68B12CCBEF1200B99141 /* Release */,
			);
			defaultConfigurationIsVisible = 0;
			defaultConfigurationName = Release;
		};
		D2DC68B22CCBEF1200B99141 /* Build configuration list for PBXNativeTarget "app_graficos1" */ = {
			isa = XCConfigurationList;
			buildConfigurations = (
				D2DC68B32CCBEF1200B99141 /* Debug */,
				D2DC68B42CCBEF1200B99141 /* Release */,
			);
			defaultConfigurationIsVisible = 0;
			defaultConfigurationName = Release;
		};
/* End XCConfigurationList section */
	};
	rootObject = D2DC68912CCBEF0B00B99141 /* Project object */;
}
